
Microsoft Visual Studio Solution File, Format Version 12.00
# Visual Studio 15
VisualStudioVersion = 15.0.27130.2027
MinimumVisualStudioVersion = 10.0.40219.1
Project("{FAE04EC0-301F-11D3-BF4B-00C04F79EFBC}") = "KennysCards", "KennysCards\KennysCards.csproj", "{DEF80000-DE02-4A98-BD5F-F30CBCB30A51}"
EndProject
Global
	GlobalSection(SolutionConfigurationPlatforms) = preSolution
		Debug|Any CPU = Debug|Any CPU
		Release|Any CPU = Release|Any CPU
	EndGlobalSection
	GlobalSection(ProjectConfigurationPlatforms) = postSolution
		{DEF80000-DE02-4A98-BD5F-F30CBCB30A51}.Debug|Any CPU.ActiveCfg = Debug|Any CPU
		{DEF80000-DE02-4A98-BD5F-F30CBCB30A51}.Debug|Any CPU.Build.0 = Debug|Any CPU
		{DEF80000-DE02-4A98-BD5F-F30CBCB30A51}.Release|Any CPU.ActiveCfg = Release|Any CPU
		{DEF80000-DE02-4A98-BD5F-F30CBCB30A51}.Release|Any CPU.Build.0 = Release|Any CPU
	EndGlobalSection
	GlobalSection(SolutionProperties) = preSolution
		HideSolutionNode = FALSE
	EndGlobalSection
	GlobalSection(ExtensibilityGlobals) = postSolution
		SolutionGuid = {F33297D8-23F6-4116-A66F-CFFB4E5A7475}
	EndGlobalSection
EndGlobal
